
Microsoft Visual Studio Solution File, Format Version 12.00
# Visual Studio Version 16
VisualStudioVersion = 16.0.29215.179
MinimumVisualStudioVersion = 10.0.40219.1
Project("{FAE04EC0-301F-11D3-BF4B-00C04F79EFBC}") = "ConsoleApp8", "ConsoleApp8\ConsoleApp8.csproj", "{B4EED9F9-74F7-4530-B57B-66E67117E9C2}"
EndProject
Global
	GlobalSection(SolutionConfigurationPlatforms) = preSolution
		Debug|Any CPU = Debug|Any CPU
		Release|Any CPU = Release|Any CPU
	EndGlobalSection
	GlobalSection(ProjectConfigurationPlatforms) = postSolution
		{B4EED9F9-74F7-4530-B57B-66E67117E9C2}.Debug|Any CPU.ActiveCfg = Debug|Any CPU
		{B4EED9F9-74F7-4530-B57B-66E67117E9C2}.Debug|Any CPU.Build.0 = Debug|Any CPU
		{B4EED9F9-74F7-4530-B57B-66E67117E9C2}.Release|Any CPU.ActiveCfg = Release|Any CPU
		{B4EED9F9-74F7-4530-B57B-66E67117E9C2}.Release|Any CPU.Build.0 = Release|Any CPU
	EndGlobalSection
	GlobalSection(SolutionProperties) = preSolution
		HideSolutionNode = FALSE
	EndGlobalSection
	GlobalSection(ExtensibilityGlobals) = postSolution
		SolutionGuid = {E568246D-F393-4E1A-807E-C9B82BD4E272}
	EndGlobalSection
EndGlobal
